// !$*UTF8*$!
{
	archiveVersion = 1;
	classes = {
	};
	objectVersion = 46;
	objects = {

/* Begin PBXBuildFile section */
		7131AD461D0E53240010EE23 /* AppDelegate.swift in Sources */ = {isa = PBXBuildFile; fileRef = 7131AD451D0E53240010EE23 /* AppDelegate.swift */; };
		7131AD481D0E53240010EE23 /* ViewController.swift in Sources */ = {isa = PBXBuildFile; fileRef = 7131AD471D0E53240010EE23 /* ViewController.swift */; };
		7131AD4B1D0E53240010EE23 /* Main.storyboard in Resources */ = {isa = PBXBuildFile; fileRef = 7131AD491D0E53240010EE23 /* Main.storyboard */; };
		7131AD4D1D0E53240010EE23 /* Assets.xcassets in Resources */ = {isa = PBXBuildFile; fileRef = 7131AD4C1D0E53240010EE23 /* Assets.xcassets */; };
		7131AD501D0E53240010EE23 /* LaunchScreen.storyboard in Resources */ = {isa = PBXBuildFile; fileRef = 7131AD4E1D0E53240010EE23 /* LaunchScreen.storyboard */; };
		7131AD5B1D0E53240010EE23 /* _____Tests.swift in Sources */ = {isa = PBXBuildFile; fileRef = 7131AD5A1D0E53240010EE23 /* _____Tests.swift */; };
		7131AD661D0E53240010EE23 /* _____UITests.swift in Sources */ = {isa = PBXBuildFile; fileRef = 7131AD651D0E53240010EE23 /* _____UITests.swift */; };
/* End PBXBuildFile section */

/* Begin PBXContainerItemProxy section */
		7131AD571D0E53240010EE23 /* PBXContainerItemProxy */ = {
			isa = PBXContainerItemProxy;
			containerPortal = 7131AD3A1D0E53240010EE23 /* Project object */;
			proxyType = 1;
			remoteGlobalIDString = 7131AD411D0E53240010EE23;
			remoteInfo = "圣才电子书";
		};
		7131AD621D0E53240010EE23 /* PBXContainerItemProxy */ = {
			isa = PBXContainerItemProxy;
			containerPortal = 7131AD3A1D0E53240010EE23 /* Project object */;
			proxyType = 1;
			remoteGlobalIDString = 7131AD411D0E53240010EE23;
			remoteInfo = "圣才电子书";
		};
/* End PBXContainerItemProxy section */

/* Begin PBXFileReference section */
		7131AD421D0E53240010EE23 /* 圣才电子书.app */ = {isa = PBXFileReference; explicitFileType = wrapper.application; includeInIndex = 0; path = "圣才电子书.app"; sourceTree = BUILT_PRODUCTS_DIR; };
		7131AD451D0E53240010EE23 /* AppDelegate.swift */ = {isa = PBXFileReference; lastKnownFileType = sourcecode.swift; path = AppDelegate.swift; sourceTree = "<group>"; };
		7131AD471D0E53240010EE23 /* ViewController.swift */ = {isa = PBXFileReference; lastKnownFileType = sourcecode.swift; path = ViewController.swift; sourceTree = "<group>"; };
		7131AD4A1D0E53240010EE23 /* Base */ = {isa = PBXFileReference; lastKnownFileType = file.storyboard; name = Base; path = Base.lproj/Main.storyboard; sourceTree = "<group>"; };
		7131AD4C1D0E53240010EE23 /* Assets.xcassets */ = {isa = PBXFileReference; lastKnownFileType = folder.assetcatalog; path = Assets.xcassets; sourceTree = "<group>"; };
		7131AD4F1D0E53240010EE23 /* Base */ = {isa = PBXFileReference; lastKnownFileType = file.storyboard; name = Base; path = Base.lproj/LaunchScreen.storyboard; sourceTree = "<group>"; };
		7131AD511D0E53240010EE23 /* Info.plist */ = {isa = PBXFileReference; lastKnownFileType = text.plist.xml; path = Info.plist; sourceTree = "<group>"; };
		7131AD561D0E53240010EE23 /* 圣才电子书Tests.xctest */ = {isa = PBXFileReference; explicitFileType = wrapper.cfbundle; includeInIndex = 0; path = "圣才电子书Tests.xctest"; sourceTree = BUILT_PRODUCTS_DIR; };
		7131AD5A1D0E53240010EE23 /* _____Tests.swift */ = {isa = PBXFileReference; lastKnownFileType = sourcecode.swift; path = "_____Tests.swift"; sourceTree = "<group>"; };
		7131AD5C1D0E53240010EE23 /* Info.plist */ = {isa = PBXFileReference; lastKnownFileType = text.plist.xml; path = Info.plist; sourceTree = "<group>"; };
		7131AD611D0E53240010EE23 /* 圣才电子书UITests.xctest */ = {isa = PBXFileReference; explicitFileType = wrapper.cfbundle; includeInIndex = 0; path = "圣才电子书UITests.xctest"; sourceTree = BUILT_PRODUCTS_DIR; };
		7131AD651D0E53240010EE23 /* _____UITests.swift */ = {isa = PBXFileReference; lastKnownFileType = sourcecode.swift; path = "_____UITests.swift"; sourceTree = "<group>"; };
		7131AD671D0E53240010EE23 /* Info.plist */ = {isa = PBXFileReference; lastKnownFileType = text.plist.xml; path = Info.plist; sourceTree = "<group>"; };
/* End PBXFileReference section */

/* Begin PBXFrameworksBuildPhase section */
		7131AD3F1D0E53240010EE23 /* Frameworks */ = {
			isa = PBXFrameworksBuildPhase;
			buildActionMask = 2147483647;
			files = (
			);
			runOnlyForDeploymentPostprocessing = 0;
		};
		7131AD531D0E53240010EE23 /* Frameworks */ = {
			isa = PBXFrameworksBuildPhase;
			buildActionMask = 2147483647;
			files = (
			);
			runOnlyForDeploymentPostprocessing = 0;
		};
		7131AD5E1D0E53240010EE23 /* Frameworks */ = {
			isa = PBXFrameworksBuildPhase;
			buildActionMask = 2147483647;
			files = (
			);
			runOnlyForDeploymentPostprocessing = 0;
		};
/* End PBXFrameworksBuildPhase section */

/* Begin PBXGroup section */
		7131AD391D0E53240010EE23 = {
			isa = PBXGroup;
			children = (
				7131AD441D0E53240010EE23 /* 圣才电子书 */,
				7131AD591D0E53240010EE23 /* 圣才电子书Tests */,
				7131AD641D0E53240010EE23 /* 圣才电子书UITests */,
				7131AD431D0E53240010EE23 /* Products */,
			);
			sourceTree = "<group>";
		};
		7131AD431D0E53240010EE23 /* Products */ = {
			isa = PBXGroup;
			children = (
				7131AD421D0E53240010EE23 /* 圣才电子书.app */,
				7131AD561D0E53240010EE23 /* 圣才电子书Tests.xctest */,
				7131AD611D0E53240010EE23 /* 圣才电子书UITests.xctest */,
			);
			name = Products;
			sourceTree = "<group>";
		};
		7131AD441D0E53240010EE23 /* 圣才电子书 */ = {
			isa = PBXGroup;
			children = (
				7131AD451D0E53240010EE23 /* AppDelegate.swift */,
				7131AD471D0E53240010EE23 /* ViewController.swift */,
				7131AD491D0E53240010EE23 /* Main.storyboard */,
				7131AD4C1D0E53240010EE23 /* Assets.xcassets */,
				7131AD4E1D0E53240010EE23 /* LaunchScreen.storyboard */,
				7131AD511D0E53240010EE23 /* Info.plist */,
			);
			path = "圣才电子书";
			sourceTree = "<group>";
		};
		7131AD591D0E53240010EE23 /* 圣才电子书Tests */ = {
			isa = PBXGroup;
			children = (
				7131AD5A1D0E53240010EE23 /* _____Tests.swift */,
				7131AD5C1D0E53240010EE23 /* Info.plist */,
			);
			path = "圣才电子书Tests";
			sourceTree = "<group>";
		};
		7131AD641D0E53240010EE23 /* 圣才电子书UITests */ = {
			isa = PBXGroup;
			children = (
				7131AD651D0E53240010EE23 /* _____UITests.swift */,
				7131AD671D0E53240010EE23 /* Info.plist */,
			);
			path = "圣才电子书UITests";
			sourceTree = "<group>";
		};
/* End PBXGroup section */

/* Begin PBXNativeTarget section */
		7131AD411D0E53240010EE23 /* 圣才电子书 */ = {
			isa = PBXNativeTarget;
			buildConfigurationList = 7131AD6A1D0E53240010EE23 /* Build configuration list for PBXNativeTarget "圣才电子书" */;
			buildPhases = (
				7131AD3E1D0E53240010EE23 /* Sources */,
				7131AD3F1D0E53240010EE23 /* Frameworks */,
				7131AD401D0E53240010EE23 /* Resources */,
			);
			buildRules = (
			);
			dependencies = (
			);
			name = "圣才电子书";
			productName = "圣才电子书";
			productReference = 7131AD421D0E53240010EE23 /* 圣才电子书.app */;
			productType = "com.apple.product-type.application";
		};
		7131AD551D0E53240010EE23 /* 圣才电子书Tests */ = {
			isa = PBXNativeTarget;
			buildConfigurationList = 7131AD6D1D0E53240010EE23 /* Build configuration list for PBXNativeTarget "圣才电子书Tests" */;
			buildPhases = (
				7131AD521D0E53240010EE23 /* Sources */,
				7131AD531D0E53240010EE23 /* Frameworks */,
				7131AD541D0E53240010EE23 /* Resources */,
			);
			buildRules = (
			);
			dependencies = (
				7131AD581D0E53240010EE23 /* PBXTargetDependency */,
			);
			name = "圣才电子书Tests";
			productName = "圣才电子书Tests";
			productReference = 7131AD561D0E53240010EE23 /* 圣才电子书Tests.xctest */;
			productType = "com.apple.product-type.bundle.unit-test";
		};
		7131AD601D0E53240010EE23 /* 圣才电子书UITests */ = {
			isa = PBXNativeTarget;
			buildConfigurationList = 7131AD701D0E53240010EE23 /* Build configuration list for PBXNativeTarget "圣才电子书UITests" */;
			buildPhases = (
				7131AD5D1D0E53240010EE23 /* Sources */,
				7131AD5E1D0E53240010EE23 /* Frameworks */,
				7131AD5F1D0E53240010EE23 /* Resources */,
			);
			buildRules = (
			);
			dependencies = (
				7131AD631D0E53240010EE23 /* PBXTargetDependency */,
			);
			name = "圣才电子书UITests";
			productName = "圣才电子书UITests";
			productReference = 7131AD611D0E53240010EE23 /* 圣才电子书UITests.xctest */;
			productType = "com.apple.product-type.bundle.ui-testing";
		};
/* End PBXNativeTarget section */

/* Begin PBXProject section */
		7131AD3A1D0E53240010EE23 /* Project object */ = {
			isa = PBXProject;
			attributes = {
				LastSwiftUpdateCheck = 0730;
				LastUpgradeCheck = 0730;
				ORGANIZATIONNAME = "周磊";
				TargetAttributes = {
					7131AD411D0E53240010EE23 = {
						CreatedOnToolsVersion = 7.3.1;
					};
					7131AD551D0E53240010EE23 = {
						CreatedOnToolsVersion = 7.3.1;
						TestTargetID = 7131AD411D0E53240010EE23;
					};
					7131AD601D0E53240010EE23 = {
						CreatedOnToolsVersion = 7.3.1;
						TestTargetID = 7131AD411D0E53240010EE23;
					};
				};
			};
			buildConfigurationList = 7131AD3D1D0E53240010EE23 /* Build configuration list for PBXProject "圣才电子书" */;
			compatibilityVersion = "Xcode 3.2";
			developmentRegion = English;
			hasScannedForEncodings = 0;
			knownRegions = (
				en,
				Base,
			);
			mainGroup = 7131AD391D0E53240010EE23;
			productRefGroup = 7131AD431D0E53240010EE23 /* Products */;
			projectDirPath = "";
			projectRoot = "";
			targets = (
				7131AD411D0E53240010EE23 /* 圣才电子书 */,
				7131AD551D0E53240010EE23 /* 圣才电子书Tests */,
				7131AD601D0E53240010EE23 /* 圣才电子书UITests */,
			);
		};
/* End PBXProject section */

/* Begin PBXResourcesBuildPhase section */
		7131AD401D0E53240010EE23 /* Resources */ = {
			isa = PBXResourcesBuildPhase;
			buildActionMask = 2147483647;
			files = (
				7131AD501D0E53240010EE23 /* LaunchScreen.storyboard in Resources */,
				7131AD4D1D0E53240010EE23 /* Assets.xcassets in Resources */,
				7131AD4B1D0E53240010EE23 /* Main.storyboard in Resources */,
			);
			runOnlyForDeploymentPostprocessing = 0;
		};
		7131AD541D0E53240010EE23 /* Resources */ = {
			isa = PBXResourcesBuildPhase;
			buildActionMask = 2147483647;
			files = (
			);
			runOnlyForDeploymentPostprocessing = 0;
		};
		7131AD5F1D0E53240010EE23 /* Resources */ = {
			isa = PBXResourcesBuildPhase;
			buildActionMask = 2147483647;
			files = (
			);
			runOnlyForDeploymentPostprocessing = 0;
		};
/* End PBXResourcesBuildPhase section */

/* Begin PBXSourcesBuildPhase section */
		7131AD3E1D0E53240010EE23 /* Sources */ = {
			isa = PBXSourcesBuildPhase;
			buildActionMask = 2147483647;
			files = (
				7131AD481D0E53240010EE23 /* ViewController.swift in Sources */,
				7131AD461D0E53240010EE23 /* AppDelegate.swift in Sources */,
			);
			runOnlyForDeploymentPostprocessing = 0;
		};
		7131AD521D0E53240010EE23 /* Sources */ = {
			isa = PBXSourcesBuildPhase;
			buildActionMask = 2147483647;
			files = (
				7131AD5B1D0E53240010EE23 /* _____Tests.swift in Sources */,
			);
			runOnlyForDeploymentPostprocessing = 0;
		};
		7131AD5D1D0E53240010EE23 /* Sources */ = {
			isa = PBXSourcesBuildPhase;
			buildActionMask = 2147483647;
			files = (
				7131AD661D0E53240010EE23 /* _____UITests.swift in Sources */,
			);
			runOnlyForDeploymentPostprocessing = 0;
		};
/* End PBXSourcesBuildPhase section */

/* Begin PBXTargetDependency section */
		7131AD581D0E53240010EE23 /* PBXTargetDependency */ = {
			isa = PBXTargetDependency;
			target = 7131AD411D0E53240010EE23 /* 圣才电子书 */;
			targetProxy = 7131AD571D0E53240010EE23 /* PBXContainerItemProxy */;
		};
		7131AD631D0E53240010EE23 /* PBXTargetDependency */ = {
			isa = PBXTargetDependency;
			target = 7131AD411D0E53240010EE23 /* 圣才电子书 */;
			targetProxy = 7131AD621D0E53240010EE23 /* PBXContainerItemProxy */;
		};
/* End PBXTargetDependency section */

/* Begin PBXVariantGroup section */
		7131AD491D0E53240010EE23 /* Main.storyboard */ = {
			isa = PBXVariantGroup;
			children = (
				7131AD4A1D0E53240010EE23 /* Base */,
			);
			name = Main.storyboard;
			sourceTree = "<group>";
		};
		7131AD4E1D0E53240010EE23 /* LaunchScreen.storyboard */ = {
			isa = PBXVariantGroup;
			children = (
				7131AD4F1D0E53240010EE23 /* Base */,
			);
			name = LaunchScreen.storyboard;
			sourceTree = "<group>";
		};
/* End PBXVariantGroup section */

/* Begin XCBuildConfiguration section */
		7131AD681D0E53240010EE23 /* Debug */ = {
			isa = XCBuildConfiguration;
			buildSettings = {
				ALWAYS_SEARCH_USER_PATHS = NO;
				CLANG_ANALYZER_NONNULL = YES;
				CLANG_CXX_LANGUAGE_STANDARD = "gnu++0x";
				CLANG_CXX_LIBRARY = "libc++";
				CLANG_ENABLE_MODULES = YES;
				CLANG_ENABLE_OBJC_ARC = YES;
				CLANG_WARN_BOOL_CONVERSION = YES;
				CLANG_WARN_CONSTANT_CONVERSION = YES;
				CLANG_WARN_DIRECT_OBJC_ISA_USAGE = YES_ERROR;
				CLANG_WARN_EMPTY_BODY = YES;
				CLANG_WARN_ENUM_CONVERSION = YES;
				CLANG_WARN_INT_CONVERSION = YES;
				CLANG_WARN_OBJC_ROOT_CLASS = YES_ERROR;
				CLANG_WARN_UNREACHABLE_CODE = YES;
				CLANG_WARN__DUPLICATE_METHOD_MATCH = YES;
				"CODE_SIGN_IDENTITY[sdk=iphoneos*]" = "iPhone Developer";
				COPY_PHASE_STRIP = NO;
				DEBUG_INFORMATION_FORMAT = dwarf;
				ENABLE_STRICT_OBJC_MSGSEND = YES;
				ENABLE_TESTABILITY = YES;
				GCC_C_LANGUAGE_STANDARD = gnu99;
				GCC_DYNAMIC_NO_PIC = NO;
				GCC_NO_COMMON_BLOCKS = YES;
				GCC_OPTIMIZATION_LEVEL = 0;
				GCC_PREPROCESSOR_DEFINITIONS = (
					"DEBUG=1",
					"$(inherited)",
				);
				GCC_WARN_64_TO_32_BIT_CONVERSION = YES;
				GCC_WARN_ABOUT_RETURN_TYPE = YES_ERROR;
				GCC_WARN_UNDECLARED_SELECTOR = YES;
				GCC_WARN_UNINITIALIZED_AUTOS = YES_AGGRESSIVE;
				GCC_WARN_UNUSED_FUNCTION = YES;
				GCC_WARN_UNUSED_VARIABLE = YES;
				IPHONEOS_DEPLOYMENT_TARGET = 9.3;
				MTL_ENABLE_DEBUG_INFO = YES;
				ONLY_ACTIVE_ARCH = YES;
				SDKROOT = iphoneos;
				SWIFT_OPTIMIZATION_LEVEL = "-Onone";
			};
			name = Debug;
		};
		7131AD691D0E53240010EE23 /* Release */ = {
			isa = XCBuildConfiguration;
			buildSettings = {
				ALWAYS_SEARCH_USER_PATHS = NO;
				CLANG_ANALYZER_NONNULL = YES;
				CLANG_CXX_LANGUAGE_STANDARD = "gnu++0x";
				CLANG_CXX_LIBRARY = "libc++";
				CLANG_ENABLE_MODULES = YES;
				CLANG_ENABLE_OBJC_ARC = YES;
				CLANG_WARN_BOOL_CONVERSION = YES;
				CLANG_WARN_CONSTANT_CONVERSION = YES;
				CLANG_WARN_DIRECT_OBJC_ISA_USAGE = YES_ERROR;
				CLANG_WARN_EMPTY_BODY = YES;
				CLANG_WARN_ENUM_CONVERSION = YES;
				CLANG_WARN_INT_CONVERSION = YES;
				CLANG_WARN_OBJC_ROOT_CLASS = YES_ERROR;
				CLANG_WARN_UNREACHABLE_CODE = YES;
				CLANG_WARN__DUPLICATE_METHOD_MATCH = YES;
				"CODE_SIGN_IDENTITY[sdk=iphoneos*]" = "iPhone Developer";
				COPY_PHASE_STRIP = NO;
				DEBUG_INFORMATION_FORMAT = "dwarf-with-dsym";
				ENABLE_NS_ASSERTIONS = NO;
				ENABLE_STRICT_OBJC_MSGSEND = YES;
				GCC_C_LANGUAGE_STANDARD = gnu99;
				GCC_NO_COMMON_BLOCKS = YES;
				GCC_WARN_64_TO_32_BIT_CONVERSION = YES;
				GCC_WARN_ABOUT_RETURN_TYPE = YES_ERROR;
				GCC_WARN_UNDECLARED_SELECTOR = YES;
				GCC_WARN_UNINITIALIZED_AUTOS = YES_AGGRESSIVE;
				GCC_WARN_UNUSED_FUNCTION = YES;
				GCC_WARN_UNUSED_VARIABLE = YES;
				IPHONEOS_DEPLOYMENT_TARGET = 9.3;
				MTL_ENABLE_DEBUG_INFO = NO;
				SDKROOT = iphoneos;
				VALIDATE_PRODUCT = YES;
			};
			name = Release;
		};
		7131AD6B1D0E53240010EE23 /* Debug */ = {
			isa = XCBuildConfiguration;
			buildSettings = {
				ASSETCATALOG_COMPILER_APPICON_NAME = AppIcon;
				INFOPLIST_FILE = "圣才电子书/Info.plist";
				LD_RUNPATH_SEARCH_PATHS = "$(inherited) @executable_path/Frameworks";
				PRODUCT_BUNDLE_IDENTIFIER = "com.shengcai.-----";
				PRODUCT_NAME = "$(TARGET_NAME)";
			};
			name = Debug;
		};
		7131AD6C1D0E53240010EE23 /* Release */ = {
			isa = XCBuildConfiguration;
			buildSettings = {
				ASSETCATALOG_COMPILER_APPICON_NAME = AppIcon;
				INFOPLIST_FILE = "圣才电子书/Info.plist";
				LD_RUNPATH_SEARCH_PATHS = "$(inherited) @executable_path/Frameworks";
				PRODUCT_BUNDLE_IDENTIFIER = "com.shengcai.-----";
				PRODUCT_NAME = "$(TARGET_NAME)";
			};
			name = Release;
		};
		7131AD6E1D0E53240010EE23 /* Debug */ = {
			isa = XCBuildConfiguration;
			buildSettings = {
				BUNDLE_LOADER = "$(TEST_HOST)";
				INFOPLIST_FILE = "圣才电子书Tests/Info.plist";
				LD_RUNPATH_SEARCH_PATHS = "$(inherited) @executable_path/Frameworks @loader_path/Frameworks";
				PRODUCT_BUNDLE_IDENTIFIER = "com.shengcai.-----Tests";
				PRODUCT_NAME = "$(TARGET_NAME)";
				TEST_HOST = "$(BUILT_PRODUCTS_DIR)/圣才电子书.app/圣才电子书";
			};
			name = Debug;
		};
		7131AD6F1D0E53240010EE23 /* Release */ = {
			isa = XCBuildConfiguration;
			buildSettings = {
				BUNDLE_LOADER = "$(TEST_HOST)";
				INFOPLIST_FILE = "圣才电子书Tests/Info.plist";
				LD_RUNPATH_SEARCH_PATHS = "$(inherited) @executable_path/Frameworks @loader_path/Frameworks";
				PRODUCT_BUNDLE_IDENTIFIER = "com.shengcai.-----Tests";
				PRODUCT_NAME = "$(TARGET_NAME)";
				TEST_HOST = "$(BUILT_PRODUCTS_DIR)/圣才电子书.app/圣才电子书";
			};
			name = Release;
		};
		7131AD711D0E53240010EE23 /* Debug */ = {
			isa = XCBuildConfiguration;
			buildSettings = {
				INFOPLIST_FILE = "圣才电子书UITests/Info.plist";
				LD_RUNPATH_SEARCH_PATHS = "$(inherited) @executable_path/Frameworks @loader_path/Frameworks";
				PRODUCT_BUNDLE_IDENTIFIER = "com.shengcai.-----UITests";
				PRODUCT_NAME = "$(TARGET_NAME)";
				TEST_TARGET_NAME = "圣才电子书";
			};
			name = Debug;
		};
		7131AD721D0E53240010EE23 /* Release */ = {
			isa = XCBuildConfiguration;
			buildSettings = {
				INFOPLIST_FILE = "圣才电子书UITests/Info.plist";
				LD_RUNPATH_SEARCH_PATHS = "$(inherited) @executable_path/Frameworks @loader_path/Frameworks";
				PRODUCT_BUNDLE_IDENTIFIER = "com.shengcai.-----UITests";
				PRODUCT_NAME = "$(TARGET_NAME)";
				TEST_TARGET_NAME = "圣才电子书";
			};
			name = Release;
		};
/* End XCBuildConfiguration section */

/* Begin XCConfigurationList section */
		7131AD3D1D0E53240010EE23 /* Build configuration list for PBXProject "圣才电子书" */ = {
			isa = XCConfigurationList;
			buildConfigurations = (
				7131AD681D0E53240010EE23 /* Debug */,
				7131AD691D0E53240010EE23 /* Release */,
			);
			defaultConfigurationIsVisible = 0;
			defaultConfigurationName = Release;
		};
		7131AD6A1D0E53240010EE23 /* Build configuration list for PBXNativeTarget "圣才电子书" */ = {
			isa = XCConfigurationList;
			buildConfigurations = (
				7131AD6B1D0E53240010EE23 /* Debug */,
				7131AD6C1D0E53240010EE23 /* Release */,
			);
			defaultConfigurationIsVisible = 0;
		};
		7131AD6D1D0E53240010EE23 /* Build configuration list for PBXNativeTarget "圣才电子书Tests" */ = {
			isa = XCConfigurationList;
			buildConfigurations = (
				7131AD6E1D0E53240010EE23 /* Debug */,
				7131AD6F1D0E53240010EE23 /* Release */,
			);
			defaultConfigurationIsVisible = 0;
		};
		7131AD701D0E53240010EE23 /* Build configuration list for PBXNativeTarget "圣才电子书UITests" */ = {
			isa = XCConfigurationList;
			buildConfigurations = (
				7131AD711D0E53240010EE23 /* Debug */,
				7131AD721D0E53240010EE23 /* Release */,
			);
			defaultConfigurationIsVisible = 0;
		};
/* End XCConfigurationList section */
	};
	rootObject = 7131AD3A1D0E53240010EE23 /* Project object */;
}
